<?xml version="1.0" encoding="UTF-8"?>
<!DOCTYPE plist PUBLIC "-//Apple//DTD PLIST 1.0//EN" "http://www.apple.com/DTDs/PropertyList-1.0.dtd">
<plist version="1.0">
<dict>
	<key>archiveVersion</key>
	<string>1</string>
	<key>classes</key>
	<dict/>
	<key>objectVersion</key>
	<string>46</string>
	<key>objects</key>
	<dict>
		<key>174210095613F5E9CB27A4E8</key>
		<dict>
			<key>fileRef</key>
			<string>F7CCC90CDB3A0D7F2E8E1BD9</string>
			<key>isa</key>
			<string>PBXBuildFile</string>
		</dict>
		<key>343CCEC51CC8052A0007113C</key>
		<dict>
			<key>children</key>
			<array>
				<string>343CCED01CC8052A0007113C</string>
				<string>343CCEE81CC8052A0007113C</string>
				<string>343CCEF31CC8052A0007113C</string>
				<string>343CCECF1CC8052A0007113C</string>
				<string>78A2B33CB6075FBF85AC5543</string>
				<string>E138CB5EA8E5A6C322E53843</string>
			</array>
			<key>isa</key>
			<string>PBXGroup</string>
			<key>sourceTree</key>
			<string>&lt;group&gt;</string>
		</dict>
		<key>343CCEC61CC8052A0007113C</key>
		<dict>
			<key>attributes</key>
			<dict>
				<key>LastSwiftUpdateCheck</key>
				<string>0730</string>
				<key>LastUpgradeCheck</key>
				<string>0730</string>
				<key>ORGANIZATIONNAME</key>
				<string>Alfred_Gao</string>
				<key>TargetAttributes</key>
				<dict>
					<key>343CCECD1CC8052A0007113C</key>
					<dict>
						<key>CreatedOnToolsVersion</key>
						<string>7.3</string>
					</dict>
					<key>343CCEE41CC8052A0007113C</key>
					<dict>
						<key>CreatedOnToolsVersion</key>
						<string>7.3</string>
						<key>TestTargetID</key>
						<string>343CCECD1CC8052A0007113C</string>
					</dict>
					<key>343CCEEF1CC8052A0007113C</key>
					<dict>
						<key>CreatedOnToolsVersion</key>
						<string>7.3</string>
						<key>TestTargetID</key>
						<string>343CCECD1CC8052A0007113C</string>
					</dict>
				</dict>
			</dict>
			<key>buildConfigurationList</key>
			<string>343CCEC91CC8052A0007113C</string>
			<key>compatibilityVersion</key>
			<string>Xcode 3.2</string>
			<key>developmentRegion</key>
			<string>English</string>
			<key>hasScannedForEncodings</key>
			<string>0</string>
			<key>isa</key>
			<string>PBXProject</string>
			<key>knownRegions</key>
			<array>
				<string>en</string>
				<string>Base</string>
			</array>
			<key>mainGroup</key>
			<string>343CCEC51CC8052A0007113C</string>
			<key>productRefGroup</key>
			<string>343CCECF1CC8052A0007113C</string>
			<key>projectDirPath</key>
			<string></string>
			<key>projectReferences</key>
			<array/>
			<key>projectRoot</key>
			<string></string>
			<key>targets</key>
			<array>
				<string>343CCECD1CC8052A0007113C</string>
				<string>343CCEE41CC8052A0007113C</string>
				<string>343CCEEF1CC8052A0007113C</string>
			</array>
		</dict>
		<key>343CCEC91CC8052A0007113C</key>
		<dict>
			<key>buildConfigurations</key>
			<array>
				<string>343CCEF71CC8052A0007113C</string>
				<string>343CCEF81CC8052A0007113C</string>
			</array>
			<key>defaultConfigurationIsVisible</key>
			<string>0</string>
			<key>defaultConfigurationName</key>
			<string>Release</string>
			<key>isa</key>
			<string>XCConfigurationList</string>
		</dict>
		<key>343CCECA1CC8052A0007113C</key>
		<dict>
			<key>buildActionMask</key>
			<string>2147483647</string>
			<key>files</key>
			<array>
				<string>343CCED41CC8052A0007113C</string>
				<string>343CCEDA1CC8052A0007113C</string>
				<string>343CCED21CC8052A0007113C</string>
			</array>
			<key>isa</key>
			<string>PBXSourcesBuildPhase</string>
			<key>runOnlyForDeploymentPostprocessing</key>
			<string>0</string>
		</dict>
		<key>343CCECB1CC8052A0007113C</key>
		<dict>
			<key>buildActionMask</key>
			<string>2147483647</string>
			<key>files</key>
			<array>
				<string>174210095613F5E9CB27A4E8</string>
			</array>
			<key>isa</key>
			<string>PBXFrameworksBuildPhase</string>
			<key>runOnlyForDeploymentPostprocessing</key>
			<string>0</string>
		</dict>
		<key>343CCECC1CC8052A0007113C</key>
		<dict>
			<key>buildActionMask</key>
			<string>2147483647</string>
			<key>files</key>
			<array>
				<string>343CCEDF1CC8052A0007113C</string>
				<string>343CCEDC1CC8052A0007113C</string>
				<string>343CCED71CC8052A0007113C</string>
			</array>
			<key>isa</key>
			<string>PBXResourcesBuildPhase</string>
			<key>runOnlyForDeploymentPostprocessing</key>
			<string>0</string>
		</dict>
		<key>343CCECD1CC8052A0007113C</key>
		<dict>
			<key>buildConfigurationList</key>
			<string>343CCEF91CC8052A0007113C</string>
			<key>buildPhases</key>
			<array>
				<string>3F883AB47A30A257CEFD0CAB</string>
				<string>343CCECA1CC8052A0007113C</string>
				<string>343CCECB1CC8052A0007113C</string>
				<string>343CCECC1CC8052A0007113C</string>
				<string>A895CDAD773F8B576369FB24</string>
				<string>CF1C2B4B70BB9852A3DB059D</string>
			</array>
			<key>buildRules</key>
			<array/>
			<key>dependencies</key>
			<array/>
			<key>isa</key>
			<string>PBXNativeTarget</string>
			<key>name</key>
			<string>Stock_Search</string>
			<key>productName</key>
			<string>Stock_Search</string>
			<key>productReference</key>
			<string>343CCECE1CC8052A0007113C</string>
			<key>productType</key>
			<string>com.apple.product-type.application</string>
		</dict>
		<key>343CCECE1CC8052A0007113C</key>
		<dict>
			<key>explicitFileType</key>
			<string>wrapper.application</string>
			<key>includeInIndex</key>
			<string>0</string>
			<key>isa</key>
			<string>PBXFileReference</string>
			<key>path</key>
			<string>Stock_Search.app</string>
			<key>sourceTree</key>
			<string>BUILT_PRODUCTS_DIR</string>
		</dict>
		<key>343CCECF1CC8052A0007113C</key>
		<dict>
			<key>children</key>
			<array>
				<string>343CCECE1CC8052A0007113C</string>
				<string>343CCEE51CC8052A0007113C</string>
				<string>343CCEF01CC8052A0007113C</string>
			</array>
			<key>isa</key>
			<string>PBXGroup</string>
			<key>name</key>
			<string>Products</string>
			<key>sourceTree</key>
			<string>&lt;group&gt;</string>
		</dict>
		<key>343CCED01CC8052A0007113C</key>
		<dict>
			<key>children</key>
			<array>
				<string>343CCED11CC8052A0007113C</string>
				<string>343CCED31CC8052A0007113C</string>
				<string>343CCED51CC8052A0007113C</string>
				<string>343CCEDB1CC8052A0007113C</string>
				<string>343CCEDD1CC8052A0007113C</string>
				<string>343CCEE01CC8052A0007113C</string>
				<string>343CCED81CC8052A0007113C</string>
			</array>
			<key>isa</key>
			<string>PBXGroup</string>
			<key>path</key>
			<string>Stock_Search</string>
			<key>sourceTree</key>
			<string>&lt;group&gt;</string>
		</dict>
		<key>343CCED11CC8052A0007113C</key>
		<dict>
			<key>isa</key>
			<string>PBXFileReference</string>
			<key>lastKnownFileType</key>
			<string>sourcecode.swift</string>
			<key>path</key>
			<string>AppDelegate.swift</string>
			<key>sourceTree</key>
			<string>&lt;group&gt;</string>
		</dict>
		<key>343CCED21CC8052A0007113C</key>
		<dict>
			<key>fileRef</key>
			<string>343CCED11CC8052A0007113C</string>
			<key>isa</key>
			<string>PBXBuildFile</string>
		</dict>
		<key>343CCED31CC8052A0007113C</key>
		<dict>
			<key>isa</key>
			<string>PBXFileReference</string>
			<key>lastKnownFileType</key>
			<string>sourcecode.swift</string>
			<key>path</key>
			<string>ViewController.swift</string>
			<key>sourceTree</key>
			<string>&lt;group&gt;</string>
		</dict>
		<key>343CCED41CC8052A0007113C</key>
		<dict>
			<key>fileRef</key>
			<string>343CCED31CC8052A0007113C</string>
			<key>isa</key>
			<string>PBXBuildFile</string>
		</dict>
		<key>343CCED51CC8052A0007113C</key>
		<dict>
			<key>children</key>
			<array>
				<string>343CCED61CC8052A0007113C</string>
			</array>
			<key>isa</key>
			<string>PBXVariantGroup</string>
			<key>name</key>
			<string>Main.storyboard</string>
			<key>sourceTree</key>
			<string>&lt;group&gt;</string>
		</dict>
		<key>343CCED61CC8052A0007113C</key>
		<dict>
			<key>isa</key>
			<string>PBXFileReference</string>
			<key>lastKnownFileType</key>
			<string>file.storyboard</string>
			<key>name</key>
			<string>Base</string>
			<key>path</key>
			<string>Base.lproj/Main.storyboard</string>
			<key>sourceTree</key>
			<string>&lt;group&gt;</string>
		</dict>
		<key>343CCED71CC8052A0007113C</key>
		<dict>
			<key>fileRef</key>
			<string>343CCED51CC8052A0007113C</string>
			<key>isa</key>
			<string>PBXBuildFile</string>
		</dict>
		<key>343CCED81CC8052A0007113C</key>
		<dict>
			<key>children</key>
			<array>
				<string>343CCED91CC8052A0007113C</string>
			</array>
			<key>currentVersion</key>
			<string>343CCED91CC8052A0007113C</string>
			<key>isa</key>
			<string>XCVersionGroup</string>
			<key>path</key>
			<string>Stock_Search.xcdatamodeld</string>
			<key>sourceTree</key>
			<string>&lt;group&gt;</string>
			<key>versionGroupType</key>
			<string>wrapper.xcdatamodel</string>
		</dict>
		<key>343CCED91CC8052A0007113C</key>
		<dict>
			<key>isa</key>
			<string>PBXFileReference</string>
			<key>lastKnownFileType</key>
			<string>wrapper.xcdatamodel</string>
			<key>path</key>
			<string>Stock_Search.xcdatamodel</string>
			<key>sourceTree</key>
			<string>&lt;group&gt;</string>
		</dict>
		<key>343CCEDA1CC8052A0007113C</key>
		<dict>
			<key>fileRef</key>
			<string>343CCED81CC8052A0007113C</string>
			<key>isa</key>
			<string>PBXBuildFile</string>
		</dict>
		<key>343CCEDB1CC8052A0007113C</key>
		<dict>
			<key>isa</key>
			<string>PBXFileReference</string>
			<key>lastKnownFileType</key>
			<string>folder.assetcatalog</string>
			<key>path</key>
			<string>Assets.xcassets</string>
			<key>sourceTree</key>
			<string>&lt;group&gt;</string>
		</dict>
		<key>343CCEDC1CC8052A0007113C</key>
		<dict>
			<key>fileRef</key>
			<string>343CCEDB1CC8052A0007113C</string>
			<key>isa</key>
			<string>PBXBuildFile</string>
		</dict>
		<key>343CCEDD1CC8052A0007113C</key>
		<dict>
			<key>children</key>
			<array>
				<string>343CCEDE1CC8052A0007113C</string>
			</array>
			<key>isa</key>
			<string>PBXVariantGroup</string>
			<key>name</key>
			<string>LaunchScreen.storyboard</string>
			<key>sourceTree</key>
			<string>&lt;group&gt;</string>
		</dict>
		<key>343CCEDE1CC8052A0007113C</key>
		<dict>
			<key>isa</key>
			<string>PBXFileReference</string>
			<key>lastKnownFileType</key>
			<string>file.storyboard</string>
			<key>name</key>
			<string>Base</string>
			<key>path</key>
			<string>Base.lproj/LaunchScreen.storyboard</string>
			<key>sourceTree</key>
			<string>&lt;group&gt;</string>
		</dict>
		<key>343CCEDF1CC8052A0007113C</key>
		<dict>
			<key>fileRef</key>
			<string>343CCEDD1CC8052A0007113C</string>
			<key>isa</key>
			<string>PBXBuildFile</string>
		</dict>
		<key>343CCEE01CC8052A0007113C</key>
		<dict>
			<key>isa</key>
			<string>PBXFileReference</string>
			<key>lastKnownFileType</key>
			<string>text.plist.xml</string>
			<key>path</key>
			<string>Info.plist</string>
			<key>sourceTree</key>
			<string>&lt;group&gt;</string>
		</dict>
		<key>343CCEE11CC8052A0007113C</key>
		<dict>
			<key>buildActionMask</key>
			<string>2147483647</string>
			<key>files</key>
			<array>
				<string>343CCEEA1CC8052A0007113C</string>
			</array>
			<key>isa</key>
			<string>PBXSourcesBuildPhase</string>
			<key>runOnlyForDeploymentPostprocessing</key>
			<string>0</string>
		</dict>
		<key>343CCEE21CC8052A0007113C</key>
		<dict>
			<key>buildActionMask</key>
			<string>2147483647</string>
			<key>files</key>
			<array/>
			<key>isa</key>
			<string>PBXFrameworksBuildPhase</string>
			<key>runOnlyForDeploymentPostprocessing</key>
			<string>0</string>
		</dict>
		<key>343CCEE31CC8052A0007113C</key>
		<dict>
			<key>buildActionMask</key>
			<string>2147483647</string>
			<key>files</key>
			<array/>
			<key>isa</key>
			<string>PBXResourcesBuildPhase</string>
			<key>runOnlyForDeploymentPostprocessing</key>
			<string>0</string>
		</dict>
		<key>343CCEE41CC8052A0007113C</key>
		<dict>
			<key>buildConfigurationList</key>
			<string>343CCEFC1CC8052A0007113C</string>
			<key>buildPhases</key>
			<array>
				<string>343CCEE11CC8052A0007113C</string>
				<string>343CCEE21CC8052A0007113C</string>
				<string>343CCEE31CC8052A0007113C</string>
			</array>
			<key>buildRules</key>
			<array/>
			<key>dependencies</key>
			<array>
				<string>343CCEE71CC8052A0007113C</string>
			</array>
			<key>isa</key>
			<string>PBXNativeTarget</string>
			<key>name</key>
			<string>Stock_SearchTests</string>
			<key>productName</key>
			<string>Stock_SearchTests</string>
			<key>productReference</key>
			<string>343CCEE51CC8052A0007113C</string>
			<key>productType</key>
			<string>com.apple.product-type.bundle.unit-test</string>
		</dict>
		<key>343CCEE51CC8052A0007113C</key>
		<dict>
			<key>explicitFileType</key>
			<string>wrapper.cfbundle</string>
			<key>includeInIndex</key>
			<string>0</string>
			<key>isa</key>
			<string>PBXFileReference</string>
			<key>path</key>
			<string>Stock_SearchTests.xctest</string>
			<key>sourceTree</key>
			<string>BUILT_PRODUCTS_DIR</string>
		</dict>
		<key>343CCEE61CC8052A0007113C</key>
		<dict>
			<key>containerPortal</key>
			<string>343CCEC61CC8052A0007113C</string>
			<key>isa</key>
			<string>PBXContainerItemProxy</string>
			<key>proxyType</key>
			<string>1</string>
			<key>remoteGlobalIDString</key>
			<string>343CCECD1CC8052A0007113C</string>
			<key>remoteInfo</key>
			<string>Stock_Search</string>
		</dict>
		<key>343CCEE71CC8052A0007113C</key>
		<dict>
			<key>isa</key>
			<string>PBXTargetDependency</string>
			<key>target</key>
			<string>343CCECD1CC8052A0007113C</string>
			<key>targetProxy</key>
			<string>343CCEE61CC8052A0007113C</string>
		</dict>
		<key>343CCEE81CC8052A0007113C</key>
		<dict>
			<key>children</key>
			<array>
				<string>343CCEE91CC8052A0007113C</string>
				<string>343CCEEB1CC8052A0007113C</string>
			</array>
			<key>isa</key>
			<string>PBXGroup</string>
			<key>path</key>
			<string>Stock_SearchTests</string>
			<key>sourceTree</key>
			<string>&lt;group&gt;</string>
		</dict>
		<key>343CCEE91CC8052A0007113C</key>
		<dict>
			<key>isa</key>
			<string>PBXFileReference</string>
			<key>lastKnownFileType</key>
			<string>sourcecode.swift</string>
			<key>path</key>
			<string>Stock_SearchTests.swift</string>
			<key>sourceTree</key>
			<string>&lt;group&gt;</string>
		</dict>
		<key>343CCEEA1CC8052A0007113C</key>
		<dict>
			<key>fileRef</key>
			<string>343CCEE91CC8052A0007113C</string>
			<key>isa</key>
			<string>PBXBuildFile</string>
		</dict>
		<key>343CCEEB1CC8052A0007113C</key>
		<dict>
			<key>isa</key>
			<string>PBXFileReference</string>
			<key>lastKnownFileType</key>
			<string>text.plist.xml</string>
			<key>path</key>
			<string>Info.plist</string>
			<key>sourceTree</key>
			<string>&lt;group&gt;</string>
		</dict>
		<key>343CCEEC1CC8052A0007113C</key>
		<dict>
			<key>buildActionMask</key>
			<string>2147483647</string>
			<key>files</key>
			<array>
				<string>343CCEF51CC8052A0007113C</string>
			</array>
			<key>isa</key>
			<string>PBXSourcesBuildPhase</string>
			<key>runOnlyForDeploymentPostprocessing</key>
			<string>0</string>
		</dict>
		<key>343CCEED1CC8052A0007113C</key>
		<dict>
			<key>buildActionMask</key>
			<string>2147483647</string>
			<key>files</key>
			<array/>
			<key>isa</key>
			<string>PBXFrameworksBuildPhase</string>
			<key>runOnlyForDeploymentPostprocessing</key>
			<string>0</string>
		</dict>
		<key>343CCEEE1CC8052A0007113C</key>
		<dict>
			<key>buildActionMask</key>
			<string>2147483647</string>
			<key>files</key>
			<array/>
			<key>isa</key>
			<string>PBXResourcesBuildPhase</string>
			<key>runOnlyForDeploymentPostprocessing</key>
			<string>0</string>
		</dict>
		<key>343CCEEF1CC8052A0007113C</key>
		<dict>
			<key>buildConfigurationList</key>
			<string>343CCEFF1CC8052A0007113C</string>
			<key>buildPhases</key>
			<array>
				<string>343CCEEC1CC8052A0007113C</string>
				<string>343CCEED1CC8052A0007113C</string>
				<string>343CCEEE1CC8052A0007113C</string>
			</array>
			<key>buildRules</key>
			<array/>
			<key>dependencies</key>
			<array>
				<string>343CCEF21CC8052A0007113C</string>
			</array>
			<key>isa</key>
			<string>PBXNativeTarget</string>
			<key>name</key>
			<string>Stock_SearchUITests</string>
			<key>productName</key>
			<string>Stock_SearchUITests</string>
			<key>productReference</key>
			<string>343CCEF01CC8052A0007113C</string>
			<key>productType</key>
			<string>com.apple.product-type.bundle.ui-testing</string>
		</dict>
		<key>343CCEF01CC8052A0007113C</key>
		<dict>
			<key>explicitFileType</key>
			<string>wrapper.cfbundle</string>
			<key>includeInIndex</key>
			<string>0</string>
			<key>isa</key>
			<string>PBXFileReference</string>
			<key>path</key>
			<string>Stock_SearchUITests.xctest</string>
			<key>sourceTree</key>
			<string>BUILT_PRODUCTS_DIR</string>
		</dict>
		<key>343CCEF11CC8052A0007113C</key>
		<dict>
			<key>containerPortal</key>
			<string>343CCEC61CC8052A0007113C</string>
			<key>isa</key>
			<string>PBXContainerItemProxy</string>
			<key>proxyType</key>
			<string>1</string>
			<key>remoteGlobalIDString</key>
			<string>343CCECD1CC8052A0007113C</string>
			<key>remoteInfo</key>
			<string>Stock_Search</string>
		</dict>
		<key>343CCEF21CC8052A0007113C</key>
		<dict>
			<key>isa</key>
			<string>PBXTargetDependency</string>
			<key>target</key>
			<string>343CCECD1CC8052A0007113C</string>
			<key>targetProxy</key>
			<string>343CCEF11CC8052A0007113C</string>
		</dict>
		<key>343CCEF31CC8052A0007113C</key>
		<dict>
			<key>children</key>
			<array>
				<string>343CCEF41CC8052A0007113C</string>
				<string>343CCEF61CC8052A0007113C</string>
			</array>
			<key>isa</key>
			<string>PBXGroup</string>
			<key>path</key>
			<string>Stock_SearchUITests</string>
			<key>sourceTree</key>
			<string>&lt;group&gt;</string>
		</dict>
		<key>343CCEF41CC8052A0007113C</key>
		<dict>
			<key>isa</key>
			<string>PBXFileReference</string>
			<key>lastKnownFileType</key>
			<string>sourcecode.swift</string>
			<key>path</key>
			<string>Stock_SearchUITests.swift</string>
			<key>sourceTree</key>
			<string>&lt;group&gt;</string>
		</dict>
		<key>343CCEF51CC8052A0007113C</key>
		<dict>
			<key>fileRef</key>
			<string>343CCEF41CC8052A0007113C</string>
			<key>isa</key>
			<string>PBXBuildFile</string>
		</dict>
		<key>343CCEF61CC8052A0007113C</key>
		<dict>
			<key>isa</key>
			<string>PBXFileReference</string>
			<key>lastKnownFileType</key>
			<string>text.plist.xml</string>
			<key>path</key>
			<string>Info.plist</string>
			<key>sourceTree</key>
			<string>&lt;group&gt;</string>
		</dict>
		<key>343CCEF71CC8052A0007113C</key>
		<dict>
			<key>buildSettings</key>
			<dict>
				<key>ALWAYS_SEARCH_USER_PATHS</key>
				<string>NO</string>
				<key>CLANG_ANALYZER_NONNULL</key>
				<string>YES</string>
				<key>CLANG_CXX_LANGUAGE_STANDARD</key>
				<string>gnu++0x</string>
				<key>CLANG_CXX_LIBRARY</key>
				<string>libc++</string>
				<key>CLANG_ENABLE_MODULES</key>
				<string>YES</string>
				<key>CLANG_ENABLE_OBJC_ARC</key>
				<string>YES</string>
				<key>CLANG_WARN_BOOL_CONVERSION</key>
				<string>YES</string>
				<key>CLANG_WARN_CONSTANT_CONVERSION</key>
				<string>YES</string>
				<key>CLANG_WARN_DIRECT_OBJC_ISA_USAGE</key>
				<string>YES_ERROR</string>
				<key>CLANG_WARN_EMPTY_BODY</key>
				<string>YES</string>
				<key>CLANG_WARN_ENUM_CONVERSION</key>
				<string>YES</string>
				<key>CLANG_WARN_INT_CONVERSION</key>
				<string>YES</string>
				<key>CLANG_WARN_OBJC_ROOT_CLASS</key>
				<string>YES_ERROR</string>
				<key>CLANG_WARN_UNREACHABLE_CODE</key>
				<string>YES</string>
				<key>CLANG_WARN__DUPLICATE_METHOD_MATCH</key>
				<string>YES</string>
				<key>CODE_SIGN_IDENTITY[sdk=iphoneos*]</key>
				<string>iPhone Developer</string>
				<key>COPY_PHASE_STRIP</key>
				<string>NO</string>
				<key>DEBUG_INFORMATION_FORMAT</key>
				<string>dwarf</string>
				<key>ENABLE_STRICT_OBJC_MSGSEND</key>
				<string>YES</string>
				<key>ENABLE_TESTABILITY</key>
				<string>YES</string>
				<key>GCC_C_LANGUAGE_STANDARD</key>
				<string>gnu99</string>
				<key>GCC_DYNAMIC_NO_PIC</key>
				<string>NO</string>
				<key>GCC_NO_COMMON_BLOCKS</key>
				<string>YES</string>
				<key>GCC_OPTIMIZATION_LEVEL</key>
				<string>0</string>
				<key>GCC_PREPROCESSOR_DEFINITIONS</key>
				<array>
					<string>DEBUG=1</string>
					<string>$(inherited)</string>
				</array>
				<key>GCC_WARN_64_TO_32_BIT_CONVERSION</key>
				<string>YES</string>
				<key>GCC_WARN_ABOUT_RETURN_TYPE</key>
				<string>YES_ERROR</string>
				<key>GCC_WARN_UNDECLARED_SELECTOR</key>
				<string>YES</string>
				<key>GCC_WARN_UNINITIALIZED_AUTOS</key>
				<string>YES_AGGRESSIVE</string>
				<key>GCC_WARN_UNUSED_FUNCTION</key>
				<string>YES</string>
				<key>GCC_WARN_UNUSED_VARIABLE</key>
				<string>YES</string>
				<key>IPHONEOS_DEPLOYMENT_TARGET</key>
				<string>9.3</string>
				<key>MTL_ENABLE_DEBUG_INFO</key>
				<string>YES</string>
				<key>ONLY_ACTIVE_ARCH</key>
				<string>YES</string>
				<key>SDKROOT</key>
				<string>iphoneos</string>
				<key>SWIFT_OPTIMIZATION_LEVEL</key>
				<string>-Onone</string>
			</dict>
			<key>isa</key>
			<string>XCBuildConfiguration</string>
			<key>name</key>
			<string>Debug</string>
		</dict>
		<key>343CCEF81CC8052A0007113C</key>
		<dict>
			<key>buildSettings</key>
			<dict>
				<key>ALWAYS_SEARCH_USER_PATHS</key>
				<string>NO</string>
				<key>CLANG_ANALYZER_NONNULL</key>
				<string>YES</string>
				<key>CLANG_CXX_LANGUAGE_STANDARD</key>
				<string>gnu++0x</string>
				<key>CLANG_CXX_LIBRARY</key>
				<string>libc++</string>
				<key>CLANG_ENABLE_MODULES</key>
				<string>YES</string>
				<key>CLANG_ENABLE_OBJC_ARC</key>
				<string>YES</string>
				<key>CLANG_WARN_BOOL_CONVERSION</key>
				<string>YES</string>
				<key>CLANG_WARN_CONSTANT_CONVERSION</key>
				<string>YES</string>
				<key>CLANG_WARN_DIRECT_OBJC_ISA_USAGE</key>
				<string>YES_ERROR</string>
				<key>CLANG_WARN_EMPTY_BODY</key>
				<string>YES</string>
				<key>CLANG_WARN_ENUM_CONVERSION</key>
				<string>YES</string>
				<key>CLANG_WARN_INT_CONVERSION</key>
				<string>YES</string>
				<key>CLANG_WARN_OBJC_ROOT_CLASS</key>
				<string>YES_ERROR</string>
				<key>CLANG_WARN_UNREACHABLE_CODE</key>
				<string>YES</string>
				<key>CLANG_WARN__DUPLICATE_METHOD_MATCH</key>
				<string>YES</string>
				<key>CODE_SIGN_IDENTITY[sdk=iphoneos*]</key>
				<string>iPhone Developer</string>
				<key>COPY_PHASE_STRIP</key>
				<string>NO</string>
				<key>DEBUG_INFORMATION_FORMAT</key>
				<string>dwarf-with-dsym</string>
				<key>ENABLE_NS_ASSERTIONS</key>
				<string>NO</string>
				<key>ENABLE_STRICT_OBJC_MSGSEND</key>
				<string>YES</string>
				<key>GCC_C_LANGUAGE_STANDARD</key>
				<string>gnu99</string>
				<key>GCC_NO_COMMON_BLOCKS</key>
				<string>YES</string>
				<key>GCC_WARN_64_TO_32_BIT_CONVERSION</key>
				<string>YES</string>
				<key>GCC_WARN_ABOUT_RETURN_TYPE</key>
				<string>YES_ERROR</string>
				<key>GCC_WARN_UNDECLARED_SELECTOR</key>
				<string>YES</string>
				<key>GCC_WARN_UNINITIALIZED_AUTOS</key>
				<string>YES_AGGRESSIVE</string>
				<key>GCC_WARN_UNUSED_FUNCTION</key>
				<string>YES</string>
				<key>GCC_WARN_UNUSED_VARIABLE</key>
				<string>YES</string>
				<key>IPHONEOS_DEPLOYMENT_TARGET</key>
				<string>9.3</string>
				<key>MTL_ENABLE_DEBUG_INFO</key>
				<string>NO</string>
				<key>SDKROOT</key>
				<string>iphoneos</string>
				<key>VALIDATE_PRODUCT</key>
				<string>YES</string>
			</dict>
			<key>isa</key>
			<string>XCBuildConfiguration</string>
			<key>name</key>
			<string>Release</string>
		</dict>
		<key>343CCEF91CC8052A0007113C</key>
		<dict>
			<key>buildConfigurations</key>
			<array>
				<string>343CCEFA1CC8052A0007113C</string>
				<string>343CCEFB1CC8052A0007113C</string>
			</array>
			<key>defaultConfigurationIsVisible</key>
			<string>0</string>
			<key>isa</key>
			<string>XCConfigurationList</string>
		</dict>
		<key>343CCEFA1CC8052A0007113C</key>
		<dict>
			<key>baseConfigurationReference</key>
			<string>37D47B62038D8EB351CDD4E1</string>
			<key>buildSettings</key>
			<dict>
				<key>ASSETCATALOG_COMPILER_APPICON_NAME</key>
				<string>AppIcon</string>
				<key>INFOPLIST_FILE</key>
				<string>Stock_Search/Info.plist</string>
				<key>LD_RUNPATH_SEARCH_PATHS</key>
				<string>$(inherited) @executable_path/Frameworks</string>
				<key>PRODUCT_BUNDLE_IDENTIFIER</key>
				<string>usc.Stock-Search</string>
				<key>PRODUCT_NAME</key>
				<string>$(TARGET_NAME)</string>
			</dict>
			<key>isa</key>
			<string>XCBuildConfiguration</string>
			<key>name</key>
			<string>Debug</string>
		</dict>
		<key>343CCEFB1CC8052A0007113C</key>
		<dict>
			<key>baseConfigurationReference</key>
			<string>BB76C3F8A8CD02AC45E3F0F3</string>
			<key>buildSettings</key>
			<dict>
				<key>ASSETCATALOG_COMPILER_APPICON_NAME</key>
				<string>AppIcon</string>
				<key>INFOPLIST_FILE</key>
				<string>Stock_Search/Info.plist</string>
				<key>LD_RUNPATH_SEARCH_PATHS</key>
				<string>$(inherited) @executable_path/Frameworks</string>
				<key>PRODUCT_BUNDLE_IDENTIFIER</key>
				<string>usc.Stock-Search</string>
				<key>PRODUCT_NAME</key>
				<string>$(TARGET_NAME)</string>
			</dict>
			<key>isa</key>
			<string>XCBuildConfiguration</string>
			<key>name</key>
			<string>Release</string>
		</dict>
		<key>343CCEFC1CC8052A0007113C</key>
		<dict>
			<key>buildConfigurations</key>
			<array>
				<string>343CCEFD1CC8052A0007113C</string>
				<string>343CCEFE1CC8052A0007113C</string>
			</array>
			<key>defaultConfigurationIsVisible</key>
			<string>0</string>
			<key>isa</key>
			<string>XCConfigurationList</string>
		</dict>
		<key>343CCEFD1CC8052A0007113C</key>
		<dict>
			<key>buildSettings</key>
			<dict>
				<key>BUNDLE_LOADER</key>
				<string>$(TEST_HOST)</string>
				<key>INFOPLIST_FILE</key>
				<string>Stock_SearchTests/Info.plist</string>
				<key>LD_RUNPATH_SEARCH_PATHS</key>
				<string>$(inherited) @executable_path/Frameworks @loader_path/Frameworks</string>
				<key>PRODUCT_BUNDLE_IDENTIFIER</key>
				<string>usc.Stock-SearchTests</string>
				<key>PRODUCT_NAME</key>
				<string>$(TARGET_NAME)</string>
				<key>TEST_HOST</key>
				<string>$(BUILT_PRODUCTS_DIR)/Stock_Search.app/Stock_Search</string>
			</dict>
			<key>isa</key>
			<string>XCBuildConfiguration</string>
			<key>name</key>
			<string>Debug</string>
		</dict>
		<key>343CCEFE1CC8052A0007113C</key>
		<dict>
			<key>buildSettings</key>
			<dict>
				<key>BUNDLE_LOADER</key>
				<string>$(TEST_HOST)</string>
				<key>INFOPLIST_FILE</key>
				<string>Stock_SearchTests/Info.plist</string>
				<key>LD_RUNPATH_SEARCH_PATHS</key>
				<string>$(inherited) @executable_path/Frameworks @loader_path/Frameworks</string>
				<key>PRODUCT_BUNDLE_IDENTIFIER</key>
				<string>usc.Stock-SearchTests</string>
				<key>PRODUCT_NAME</key>
				<string>$(TARGET_NAME)</string>
				<key>TEST_HOST</key>
				<string>$(BUILT_PRODUCTS_DIR)/Stock_Search.app/Stock_Search</string>
			</dict>
			<key>isa</key>
			<string>XCBuildConfiguration</string>
			<key>name</key>
			<string>Release</string>
		</dict>
		<key>343CCEFF1CC8052A0007113C</key>
		<dict>
			<key>buildConfigurations</key>
			<array>
				<string>343CCF001CC8052A0007113C</string>
				<string>343CCF011CC8052A0007113C</string>
			</array>
			<key>defaultConfigurationIsVisible</key>
			<string>0</string>
			<key>isa</key>
			<string>XCConfigurationList</string>
		</dict>
		<key>343CCF001CC8052A0007113C</key>
		<dict>
			<key>buildSettings</key>
			<dict>
				<key>INFOPLIST_FILE</key>
				<string>Stock_SearchUITests/Info.plist</string>
				<key>LD_RUNPATH_SEARCH_PATHS</key>
				<string>$(inherited) @executable_path/Frameworks @loader_path/Frameworks</string>
				<key>PRODUCT_BUNDLE_IDENTIFIER</key>
				<string>usc.Stock-SearchUITests</string>
				<key>PRODUCT_NAME</key>
				<string>$(TARGET_NAME)</string>
				<key>TEST_TARGET_NAME</key>
				<string>Stock_Search</string>
			</dict>
			<key>isa</key>
			<string>XCBuildConfiguration</string>
			<key>name</key>
			<string>Debug</string>
		</dict>
		<key>343CCF011CC8052A0007113C</key>
		<dict>
			<key>buildSettings</key>
			<dict>
				<key>INFOPLIST_FILE</key>
				<string>Stock_SearchUITests/Info.plist</string>
				<key>LD_RUNPATH_SEARCH_PATHS</key>
				<string>$(inherited) @executable_path/Frameworks @loader_path/Frameworks</string>
				<key>PRODUCT_BUNDLE_IDENTIFIER</key>
				<string>usc.Stock-SearchUITests</string>
				<key>PRODUCT_NAME</key>
				<string>$(TARGET_NAME)</string>
				<key>TEST_TARGET_NAME</key>
				<string>Stock_Search</string>
			</dict>
			<key>isa</key>
			<string>XCBuildConfiguration</string>
			<key>name</key>
			<string>Release</string>
		</dict>
		<key>37D47B62038D8EB351CDD4E1</key>
		<dict>
			<key>includeInIndex</key>
			<string>1</string>
			<key>isa</key>
			<string>PBXFileReference</string>
			<key>lastKnownFileType</key>
			<string>text.xcconfig</string>
			<key>name</key>
			<string>Pods-Stock_Search.debug.xcconfig</string>
			<key>path</key>
			<string>Pods/Target Support Files/Pods-Stock_Search/Pods-Stock_Search.debug.xcconfig</string>
			<key>sourceTree</key>
			<string>&lt;group&gt;</string>
		</dict>
		<key>3F883AB47A30A257CEFD0CAB</key>
		<dict>
			<key>buildActionMask</key>
			<string>2147483647</string>
			<key>files</key>
			<array/>
			<key>inputPaths</key>
			<array/>
			<key>isa</key>
			<string>PBXShellScriptBuildPhase</string>
			<key>name</key>
			<string>Check Pods Manifest.lock</string>
			<key>outputPaths</key>
			<array/>
			<key>runOnlyForDeploymentPostprocessing</key>
			<string>0</string>
			<key>shellPath</key>
			<string>/bin/sh</string>
			<key>shellScript</key>
			<string>diff "${PODS_ROOT}/../Podfile.lock" "${PODS_ROOT}/Manifest.lock" &gt; /dev/null
if [[ $? != 0 ]] ; then
    cat &lt;&lt; EOM
error: The sandbox is not in sync with the Podfile.lock. Run 'pod install' or update your CocoaPods installation.
EOM
    exit 1
fi
</string>
			<key>showEnvVarsInLog</key>
			<string>0</string>
		</dict>
		<key>78A2B33CB6075FBF85AC5543</key>
		<dict>
			<key>children</key>
			<array>
				<string>37D47B62038D8EB351CDD4E1</string>
				<string>BB76C3F8A8CD02AC45E3F0F3</string>
			</array>
			<key>isa</key>
			<string>PBXGroup</string>
			<key>name</key>
			<string>Pods</string>
			<key>sourceTree</key>
			<string>&lt;group&gt;</string>
		</dict>
		<key>A895CDAD773F8B576369FB24</key>
		<dict>
			<key>buildActionMask</key>
			<string>2147483647</string>
			<key>files</key>
			<array/>
			<key>inputPaths</key>
			<array/>
			<key>isa</key>
			<string>PBXShellScriptBuildPhase</string>
			<key>name</key>
			<string>Embed Pods Frameworks</string>
			<key>outputPaths</key>
			<array/>
			<key>runOnlyForDeploymentPostprocessing</key>
			<string>0</string>
			<key>shellPath</key>
			<string>/bin/sh</string>
			<key>shellScript</key>
			<string>"${SRCROOT}/Pods/Target Support Files/Pods-Stock_Search/Pods-Stock_Search-frameworks.sh"
</string>
			<key>showEnvVarsInLog</key>
			<string>0</string>
		</dict>
		<key>BB76C3F8A8CD02AC45E3F0F3</key>
		<dict>
			<key>includeInIndex</key>
			<string>1</string>
			<key>isa</key>
			<string>PBXFileReference</string>
			<key>lastKnownFileType</key>
			<string>text.xcconfig</string>
			<key>name</key>
			<string>Pods-Stock_Search.release.xcconfig</string>
			<key>path</key>
			<string>Pods/Target Support Files/Pods-Stock_Search/Pods-Stock_Search.release.xcconfig</string>
			<key>sourceTree</key>
			<string>&lt;group&gt;</string>
		</dict>
		<key>CF1C2B4B70BB9852A3DB059D</key>
		<dict>
			<key>buildActionMask</key>
			<string>2147483647</string>
			<key>files</key>
			<array/>
			<key>inputPaths</key>
			<array/>
			<key>isa</key>
			<string>PBXShellScriptBuildPhase</string>
			<key>name</key>
			<string>Copy Pods Resources</string>
			<key>outputPaths</key>
			<array/>
			<key>runOnlyForDeploymentPostprocessing</key>
			<string>0</string>
			<key>shellPath</key>
			<string>/bin/sh</string>
			<key>shellScript</key>
			<string>"${SRCROOT}/Pods/Target Support Files/Pods-Stock_Search/Pods-Stock_Search-resources.sh"
</string>
			<key>showEnvVarsInLog</key>
			<string>0</string>
		</dict>
		<key>E138CB5EA8E5A6C322E53843</key>
		<dict>
			<key>children</key>
			<array>
				<string>F7CCC90CDB3A0D7F2E8E1BD9</string>
			</array>
			<key>isa</key>
			<string>PBXGroup</string>
			<key>name</key>
			<string>Frameworks</string>
			<key>sourceTree</key>
			<string>&lt;group&gt;</string>
		</dict>
		<key>F7CCC90CDB3A0D7F2E8E1BD9</key>
		<dict>
			<key>explicitFileType</key>
			<string>wrapper.framework</string>
			<key>includeInIndex</key>
			<string>0</string>
			<key>isa</key>
			<string>PBXFileReference</string>
			<key>path</key>
			<string>Pods_Stock_Search.framework</string>
			<key>sourceTree</key>
			<string>BUILT_PRODUCTS_DIR</string>
		</dict>
	</dict>
	<key>rootObject</key>
	<string>343CCEC61CC8052A0007113C</string>
</dict>
</plist>
